Microsoft Visual Studio Solution File, Format Version 12.00
# Visual Studio Version 17
VisualStudioVersion = 17.5.2.0
MinimumVisualStudioVersion = 10.0.40219.1
Project("{FAE04EC0-301F-11D3-BF4B-00C04F79EFBC}") = "BodyMassIndex", "BodyMassIndex.csproj", "{8DFC0E80-1F6B-3CE1-5495-4E216D0426BC}"
EndProject
Global
	GlobalSection(SolutionConfigurationPlatforms) = preSolution
		Debug|Any CPU = Debug|Any CPU
		Release|Any CPU = Release|Any CPU
	EndGlobalSection
	GlobalSection(ProjectConfigurationPlatforms) = postSolution
		{8DFC0E80-1F6B-3CE1-5495-4E216D0426BC}.Debug|Any CPU.ActiveCfg = Debug|Any CPU
		{8DFC0E80-1F6B-3CE1-5495-4E216D0426BC}.Debug|Any CPU.Build.0 = Debug|Any CPU
		{8DFC0E80-1F6B-3CE1-5495-4E216D0426BC}.Release|Any CPU.ActiveCfg = Release|Any CPU
		{8DFC0E80-1F6B-3CE1-5495-4E216D0426BC}.Release|Any CPU.Build.0 = Release|Any CPU
	EndGlobalSection
	GlobalSection(SolutionProperties) = preSolution
		HideSolutionNode = FALSE
	EndGlobalSection
	GlobalSection(ExtensibilityGlobals) = postSolution
		SolutionGuid = {7AB5D09B-02B0-4D38-8050-778A0A95466C}
	EndGlobalSection
EndGlobal
